
Microsoft Visual Studio Solution File, Format Version 12.00
# Visual Studio Version 17
VisualStudioVersion = 17.2.32630.192
MinimumVisualStudioVersion = 10.0.40219.1
Project("{8BC9CEB8-8B4A-11D0-8D11-00A0C91BC942}") = "Steam", "Steam\Steam.vcxproj", "{7F988AD5-2E22-4520-A808-8329228EDAC1}"
EndProject
Global
	GlobalSection(SolutionConfigurationPlatforms) = preSolution
		Debug|x64 = Debug|x64
		Debug|x86 = Debug|x86
		Release|x64 = Release|x64
		Release|x86 = Release|x86
	EndGlobalSection
	GlobalSection(ProjectConfigurationPlatforms) = postSolution
		{7F988AD5-2E22-4520-A808-8329228EDAC1}.Debug|x64.ActiveCfg = Debug|x64
		{7F988AD5-2E22-4520-A808-8329228EDAC1}.Debug|x64.Build.0 = Debug|x64
		{7F988AD5-2E22-4520-A808-8329228EDAC1}.Debug|x86.ActiveCfg = Debug|Win32
		{7F988AD5-2E22-4520-A808-8329228EDAC1}.Debug|x86.Build.0 = Debug|Win32
		{7F988AD5-2E22-4520-A808-8329228EDAC1}.Release|x64.ActiveCfg = Release|x64
		{7F988AD5-2E22-4520-A808-8329228EDAC1}.Release|x64.Build.0 = Release|x64
		{7F988AD5-2E22-4520-A808-8329228EDAC1}.Release|x86.ActiveCfg = Release|Win32
		{7F988AD5-2E22-4520-A808-8329228EDAC1}.Release|x86.Build.0 = Release|Win32
	EndGlobalSection
	GlobalSection(SolutionProperties) = preSolution
		HideSolutionNode = FALSE
	EndGlobalSection
	GlobalSection(ExtensibilityGlobals) = postSolution
		SolutionGuid = {7F20FC1D-B2CF-47D1-A206-D2FA998F6B51}
	EndGlobalSection
EndGlobal
